
Microsoft Visual Studio Solution File, Format Version 12.00
# Visual Studio 15
VisualStudioVersion = 15.0.28307.1022
MinimumVisualStudioVersion = 10.0.40219.1
Project("{FAE04EC0-301F-11D3-BF4B-00C04F79EFBC}") = "ClientFullMVC", "ClientFullMVC\ClientFullMVC.csproj", "{CECD00CC-6CE8-4408-8D63-BE1D183EA2D8}"
EndProject
Global
	GlobalSection(SolutionConfigurationPlatforms) = preSolution
		Debug|Any CPU = Debug|Any CPU
		Release|Any CPU = Release|Any CPU
	EndGlobalSection
	GlobalSection(ProjectConfigurationPlatforms) = postSolution
		{CECD00CC-6CE8-4408-8D63-BE1D183EA2D8}.Debug|Any CPU.ActiveCfg = Debug|Any CPU
		{CECD00CC-6CE8-4408-8D63-BE1D183EA2D8}.Debug|Any CPU.Build.0 = Debug|Any CPU
		{CECD00CC-6CE8-4408-8D63-BE1D183EA2D8}.Release|Any CPU.ActiveCfg = Release|Any CPU
		{CECD00CC-6CE8-4408-8D63-BE1D183EA2D8}.Release|Any CPU.Build.0 = Release|Any CPU
	EndGlobalSection
	GlobalSection(SolutionProperties) = preSolution
		HideSolutionNode = FALSE
	EndGlobalSection
	GlobalSection(ExtensibilityGlobals) = postSolution
		SolutionGuid = {7DA7F93C-01EF-4CBE-A869-816D635CD792}
	EndGlobalSection
EndGlobal
